
Microsoft Visual Studio Solution File, Format Version 12.00
Project("{FAE04EC0-301F-11D3-BF4B-00C04F79EFBC}") = "Lab11", "Lab11\Lab11.csproj", "{8AD07E95-A33E-4A7C-9FC2-6D0A3B11E9CC}"
EndProject
Project("{FAE04EC0-301F-11D3-BF4B-00C04F79EFBC}") = "ClassLibraryLab10", "..\..\Laboratory work 10\Lab10\ClassLibraryLab10\ClassLibraryLab10.csproj", "{66FE7837-99DF-403A-9E56-29405135FC9E}"
EndProject
Project("{FAE04EC0-301F-11D3-BF4B-00C04F79EFBC}") = "Interfaces", "..\..\Laboratory work 10\Lab10\Interfaces\Interfaces.csproj", "{6F2B6427-917F-4CFF-9B72-CF50AF32546F}"
EndProject
Project("{FAE04EC0-301F-11D3-BF4B-00C04F79EFBC}") = "CommonClasses", "..\..\Laboratory work 10\Lab10\CommonClasses\CommonClasses.csproj", "{D0A00C54-BA0D-4CDC-8A3A-352AAD0A5B5A}"
EndProject
Project("{FAE04EC0-301F-11D3-BF4B-00C04F79EFBC}") = "AdditionalFunctions", "..\..\Laboratory work 10\Lab10\AdditionalFunctions\AdditionalFunctions.csproj", "{46BA42CF-A157-4A95-B56E-EAB2356C0442}"
EndProject
Global
	GlobalSection(SolutionConfigurationPlatforms) = preSolution
		Debug|Any CPU = Debug|Any CPU
		Release|Any CPU = Release|Any CPU
	EndGlobalSection
	GlobalSection(ProjectConfigurationPlatforms) = postSolution
		{8AD07E95-A33E-4A7C-9FC2-6D0A3B11E9CC}.Debug|Any CPU.ActiveCfg = Debug|Any CPU
		{8AD07E95-A33E-4A7C-9FC2-6D0A3B11E9CC}.Debug|Any CPU.Build.0 = Debug|Any CPU
		{8AD07E95-A33E-4A7C-9FC2-6D0A3B11E9CC}.Release|Any CPU.ActiveCfg = Release|Any CPU
		{8AD07E95-A33E-4A7C-9FC2-6D0A3B11E9CC}.Release|Any CPU.Build.0 = Release|Any CPU
		{66FE7837-99DF-403A-9E56-29405135FC9E}.Debug|Any CPU.ActiveCfg = Debug|Any CPU
		{66FE7837-99DF-403A-9E56-29405135FC9E}.Debug|Any CPU.Build.0 = Debug|Any CPU
		{66FE7837-99DF-403A-9E56-29405135FC9E}.Release|Any CPU.ActiveCfg = Release|Any CPU
		{66FE7837-99DF-403A-9E56-29405135FC9E}.Release|Any CPU.Build.0 = Release|Any CPU
		{6F2B6427-917F-4CFF-9B72-CF50AF32546F}.Debug|Any CPU.ActiveCfg = Debug|Any CPU
		{6F2B6427-917F-4CFF-9B72-CF50AF32546F}.Debug|Any CPU.Build.0 = Debug|Any CPU
		{6F2B6427-917F-4CFF-9B72-CF50AF32546F}.Release|Any CPU.ActiveCfg = Release|Any CPU
		{6F2B6427-917F-4CFF-9B72-CF50AF32546F}.Release|Any CPU.Build.0 = Release|Any CPU
		{D0A00C54-BA0D-4CDC-8A3A-352AAD0A5B5A}.Debug|Any CPU.ActiveCfg = Debug|Any CPU
		{D0A00C54-BA0D-4CDC-8A3A-352AAD0A5B5A}.Debug|Any CPU.Build.0 = Debug|Any CPU
		{D0A00C54-BA0D-4CDC-8A3A-352AAD0A5B5A}.Release|Any CPU.ActiveCfg = Release|Any CPU
		{D0A00C54-BA0D-4CDC-8A3A-352AAD0A5B5A}.Release|Any CPU.Build.0 = Release|Any CPU
		{46BA42CF-A157-4A95-B56E-EAB2356C0442}.Debug|Any CPU.ActiveCfg = Debug|Any CPU
		{46BA42CF-A157-4A95-B56E-EAB2356C0442}.Debug|Any CPU.Build.0 = Debug|Any CPU
		{46BA42CF-A157-4A95-B56E-EAB2356C0442}.Release|Any CPU.ActiveCfg = Release|Any CPU
		{46BA42CF-A157-4A95-B56E-EAB2356C0442}.Release|Any CPU.Build.0 = Release|Any CPU
	EndGlobalSection
EndGlobal
